
Microsoft Visual Studio Solution File, Format Version 12.00
# Visual Studio 15
VisualStudioVersion = 15.0.26403.0
MinimumVisualStudioVersion = 10.0.40219.1
Project("{2150E333-8FDC-42A3-9474-1A3956D46DE8}") = "Engine", "Engine", "{CCEDF6BF-18BA-41D3-8FF5-88B00521B764}"
EndProject
Project("{2150E333-8FDC-42A3-9474-1A3956D46DE8}") = "Games", "Games", "{23CBA058-2DC7-4671-88AB-ECAC7E6F4559}"
EndProject
Project("{8BC9CEB8-8B4A-11D0-8D11-00A0C91BC942}") = "UE4", "Intermediate\ProjectFiles\UE4.vcxproj", "{3290AFF5-CAD1-45EB-BD3B-2A80E9A78EEF}"
EndProject
Project("{8BC9CEB8-8B4A-11D0-8D11-00A0C91BC942}") = "qwer", "Intermediate\ProjectFiles\qwer.vcxproj", "{A509108A-319D-4B3B-9147-B0DE93C2D942}"
EndProject
Global
	GlobalSection(SolutionConfigurationPlatforms) = preSolution
		DebugGame Editor|Android = DebugGame Editor|Android
		DebugGame Editor|IOS = DebugGame Editor|IOS
		DebugGame Editor|Win32 = DebugGame Editor|Win32
		DebugGame Editor|Win64 = DebugGame Editor|Win64
		DebugGame|Android = DebugGame|Android
		DebugGame|IOS = DebugGame|IOS
		DebugGame|Win32 = DebugGame|Win32
		DebugGame|Win64 = DebugGame|Win64
		Development Editor|Android = Development Editor|Android
		Development Editor|IOS = Development Editor|IOS
		Development Editor|Win32 = Development Editor|Win32
		Development Editor|Win64 = Development Editor|Win64
		Development|Android = Development|Android
		Development|IOS = Development|IOS
		Development|Win32 = Development|Win32
		Development|Win64 = Development|Win64
		Shipping|Android = Shipping|Android
		Shipping|IOS = Shipping|IOS
		Shipping|Win32 = Shipping|Win32
		Shipping|Win64 = Shipping|Win64
	EndGlobalSection
	GlobalSection(ProjectConfigurationPlatforms) = postSolution
		{3290AFF5-CAD1-45EB-BD3B-2A80E9A78EEF}.DebugGame Editor|Android.ActiveCfg = BuiltWithUnrealBuildTool|Win32
		{3290AFF5-CAD1-45EB-BD3B-2A80E9A78EEF}.DebugGame Editor|Android.Build.0 = BuiltWithUnrealBuildTool|Win32
		{3290AFF5-CAD1-45EB-BD3B-2A80E9A78EEF}.DebugGame Editor|IOS.ActiveCfg = BuiltWithUnrealBuildTool|Win32
		{3290AFF5-CAD1-45EB-BD3B-2A80E9A78EEF}.DebugGame Editor|IOS.Build.0 = BuiltWithUnrealBuildTool|Win32
		{3290AFF5-CAD1-45EB-BD3B-2A80E9A78EEF}.DebugGame Editor|Win32.ActiveCfg = BuiltWithUnrealBuildTool|Win32
		{3290AFF5-CAD1-45EB-BD3B-2A80E9A78EEF}.DebugGame Editor|Win32.Build.0 = BuiltWithUnrealBuildTool|Win32
		{3290AFF5-CAD1-45EB-BD3B-2A80E9A78EEF}.DebugGame Editor|Win64.ActiveCfg = BuiltWithUnrealBuildTool|Win32
		{3290AFF5-CAD1-45EB-BD3B-2A80E9A78EEF}.DebugGame Editor|Win64.Build.0 = BuiltWithUnrealBuildTool|Win32
		{3290AFF5-CAD1-45EB-BD3B-2A80E9A78EEF}.DebugGame|Android.ActiveCfg = BuiltWithUnrealBuildTool|Win32
		{3290AFF5-CAD1-45EB-BD3B-2A80E9A78EEF}.DebugGame|Android.Build.0 = BuiltWithUnrealBuildTool|Win32
		{3290AFF5-CAD1-45EB-BD3B-2A80E9A78EEF}.DebugGame|IOS.ActiveCfg = BuiltWithUnrealBuildTool|Win32
		{3290AFF5-CAD1-45EB-BD3B-2A80E9A78EEF}.DebugGame|IOS.Build.0 = BuiltWithUnrealBuildTool|Win32
		{3290AFF5-CAD1-45EB-BD3B-2A80E9A78EEF}.DebugGame|Win32.ActiveCfg = BuiltWithUnrealBuildTool|Win32
		{3290AFF5-CAD1-45EB-BD3B-2A80E9A78EEF}.DebugGame|Win32.Build.0 = BuiltWithUnrealBuildTool|Win32
		{3290AFF5-CAD1-45EB-BD3B-2A80E9A78EEF}.DebugGame|Win64.ActiveCfg = BuiltWithUnrealBuildTool|Win32
		{3290AFF5-CAD1-45EB-BD3B-2A80E9A78EEF}.DebugGame|Win64.Build.0 = BuiltWithUnrealBuildTool|Win32
		{3290AFF5-CAD1-45EB-BD3B-2A80E9A78EEF}.Development Editor|Android.ActiveCfg = BuiltWithUnrealBuildTool|Win32
		{3290AFF5-CAD1-45EB-BD3B-2A80E9A78EEF}.Development Editor|Android.Build.0 = BuiltWithUnrealBuildTool|Win32
		{3290AFF5-CAD1-45EB-BD3B-2A80E9A78EEF}.Development Editor|IOS.ActiveCfg = BuiltWithUnrealBuildTool|Win32
		{3290AFF5-CAD1-45EB-BD3B-2A80E9A78EEF}.Development Editor|IOS.Build.0 = BuiltWithUnrealBuildTool|Win32
		{3290AFF5-CAD1-45EB-BD3B-2A80E9A78EEF}.Development Editor|Win32.ActiveCfg = BuiltWithUnrealBuildTool|Win32
		{3290AFF5-CAD1-45EB-BD3B-2A80E9A78EEF}.Development Editor|Win32.Build.0 = BuiltWithUnrealBuildTool|Win32
		{3290AFF5-CAD1-45EB-BD3B-2A80E9A78EEF}.Development Editor|Win64.ActiveCfg = BuiltWithUnrealBuildTool|Win32
		{3290AFF5-CAD1-45EB-BD3B-2A80E9A78EEF}.Development Editor|Win64.Build.0 = BuiltWithUnrealBuildTool|Win32
		{3290AFF5-CAD1-45EB-BD3B-2A80E9A78EEF}.Development|Android.ActiveCfg = BuiltWithUnrealBuildTool|Win32
		{3290AFF5-CAD1-45EB-BD3B-2A80E9A78EEF}.Development|Android.Build.0 = BuiltWithUnrealBuildTool|Win32
		{3290AFF5-CAD1-45EB-BD3B-2A80E9A78EEF}.Development|IOS.ActiveCfg = BuiltWithUnrealBuildTool|Win32
		{3290AFF5-CAD1-45EB-BD3B-2A80E9A78EEF}.Development|IOS.Build.0 = BuiltWithUnrealBuildTool|Win32
		{3290AFF5-CAD1-45EB-BD3B-2A80E9A78EEF}.Development|Win32.ActiveCfg = BuiltWithUnrealBuildTool|Win32
		{3290AFF5-CAD1-45EB-BD3B-2A80E9A78EEF}.Development|Win32.Build.0 = BuiltWithUnrealBuildTool|Win32
		{3290AFF5-CAD1-45EB-BD3B-2A80E9A78EEF}.Development|Win64.ActiveCfg = BuiltWithUnrealBuildTool|Win32
		{3290AFF5-CAD1-45EB-BD3B-2A80E9A78EEF}.Development|Win64.Build.0 = BuiltWithUnrealBuildTool|Win32
		{3290AFF5-CAD1-45EB-BD3B-2A80E9A78EEF}.Shipping|Android.ActiveCfg = BuiltWithUnrealBuildTool|Win32
		{3290AFF5-CAD1-45EB-BD3B-2A80E9A78EEF}.Shipping|Android.Build.0 = BuiltWithUnrealBuildTool|Win32
		{3290AFF5-CAD1-45EB-BD3B-2A80E9A78EEF}.Shipping|IOS.ActiveCfg = BuiltWithUnrealBuildTool|Win32
		{3290AFF5-CAD1-45EB-BD3B-2A80E9A78EEF}.Shipping|IOS.Build.0 = BuiltWithUnrealBuildTool|Win32
		{3290AFF5-CAD1-45EB-BD3B-2A80E9A78EEF}.Shipping|Win32.ActiveCfg = BuiltWithUnrealBuildTool|Win32
		{3290AFF5-CAD1-45EB-BD3B-2A80E9A78EEF}.Shipping|Win32.Build.0 = BuiltWithUnrealBuildTool|Win32
		{3290AFF5-CAD1-45EB-BD3B-2A80E9A78EEF}.Shipping|Win64.ActiveCfg = BuiltWithUnrealBuildTool|Win32
		{3290AFF5-CAD1-45EB-BD3B-2A80E9A78EEF}.Shipping|Win64.Build.0 = BuiltWithUnrealBuildTool|Win32
		{A509108A-319D-4B3B-9147-B0DE93C2D942}.DebugGame Editor|Android.ActiveCfg = Android_DebugGame_Editor|Win32
		{A509108A-319D-4B3B-9147-B0DE93C2D942}.DebugGame Editor|IOS.ActiveCfg = IOS_DebugGame_Editor|Win32
		{A509108A-319D-4B3B-9147-B0DE93C2D942}.DebugGame Editor|Win32.ActiveCfg = DebugGame_Editor|Win32
		{A509108A-319D-4B3B-9147-B0DE93C2D942}.DebugGame Editor|Win64.ActiveCfg = DebugGame_Editor|x64
		{A509108A-319D-4B3B-9147-B0DE93C2D942}.DebugGame Editor|Win64.Build.0 = DebugGame_Editor|x64
		{A509108A-319D-4B3B-9147-B0DE93C2D942}.DebugGame|Android.ActiveCfg = Android_DebugGame_Game|Win32
		{A509108A-319D-4B3B-9147-B0DE93C2D942}.DebugGame|Android.Build.0 = Android_DebugGame_Game|Win32
		{A509108A-319D-4B3B-9147-B0DE93C2D942}.DebugGame|IOS.ActiveCfg = IOS_DebugGame_Game|Win32
		{A509108A-319D-4B3B-9147-B0DE93C2D942}.DebugGame|IOS.Build.0 = IOS_DebugGame_Game|Win32
		{A509108A-319D-4B3B-9147-B0DE93C2D942}.DebugGame|Win32.ActiveCfg = DebugGame_Game|Win32
		{A509108A-319D-4B3B-9147-B0DE93C2D942}.DebugGame|Win32.Build.0 = DebugGame_Game|Win32
		{A509108A-319D-4B3B-9147-B0DE93C2D942}.DebugGame|Win64.ActiveCfg = DebugGame_Game|x64
		{A509108A-319D-4B3B-9147-B0DE93C2D942}.DebugGame|Win64.Build.0 = DebugGame_Game|x64
		{A509108A-319D-4B3B-9147-B0DE93C2D942}.Development Editor|Android.ActiveCfg = Android_Development_Editor|Win32
		{A509108A-319D-4B3B-9147-B0DE93C2D942}.Development Editor|IOS.ActiveCfg = IOS_Development_Editor|Win32
		{A509108A-319D-4B3B-9147-B0DE93C2D942}.Development Editor|Win32.ActiveCfg = Development_Editor|Win32
		{A509108A-319D-4B3B-9147-B0DE93C2D942}.Development Editor|Win64.ActiveCfg = Development_Editor|x64
		{A509108A-319D-4B3B-9147-B0DE93C2D942}.Development Editor|Win64.Build.0 = Development_Editor|x64
		{A509108A-319D-4B3B-9147-B0DE93C2D942}.Development|Android.ActiveCfg = Android_Development_Game|Win32
		{A509108A-319D-4B3B-9147-B0DE93C2D942}.Development|Android.Build.0 = Android_Development_Game|Win32
		{A509108A-319D-4B3B-9147-B0DE93C2D942}.Development|IOS.ActiveCfg = IOS_Development_Game|Win32
		{A509108A-319D-4B3B-9147-B0DE93C2D942}.Development|IOS.Build.0 = IOS_Development_Game|Win32
		{A509108A-319D-4B3B-9147-B0DE93C2D942}.Development|Win32.ActiveCfg = Development_Game|Win32
		{A509108A-319D-4B3B-9147-B0DE93C2D942}.Development|Win32.Build.0 = Development_Game|Win32
		{A509108A-319D-4B3B-9147-B0DE93C2D942}.Development|Win64.ActiveCfg = Development_Game|x64
		{A509108A-319D-4B3B-9147-B0DE93C2D942}.Development|Win64.Build.0 = Development_Game|x64
		{A509108A-319D-4B3B-9147-B0DE93C2D942}.Shipping|Android.ActiveCfg = Android_Shipping_Game|Win32
		{A509108A-319D-4B3B-9147-B0DE93C2D942}.Shipping|Android.Build.0 = Android_Shipping_Game|Win32
		{A509108A-319D-4B3B-9147-B0DE93C2D942}.Shipping|IOS.ActiveCfg = IOS_Shipping_Game|Win32
		{A509108A-319D-4B3B-9147-B0DE93C2D942}.Shipping|IOS.Build.0 = IOS_Shipping_Game|Win32
		{A509108A-319D-4B3B-9147-B0DE93C2D942}.Shipping|Win32.ActiveCfg = Shipping_Game|Win32
		{A509108A-319D-4B3B-9147-B0DE93C2D942}.Shipping|Win32.Build.0 = Shipping_Game|Win32
		{A509108A-319D-4B3B-9147-B0DE93C2D942}.Shipping|Win64.ActiveCfg = Shipping_Game|x64
		{A509108A-319D-4B3B-9147-B0DE93C2D942}.Shipping|Win64.Build.0 = Shipping_Game|x64
	EndGlobalSection
	GlobalSection(SolutionProperties) = preSolution
		HideSolutionNode = FALSE
	EndGlobalSection
	GlobalSection(NestedProjects) = preSolution
		{3290AFF5-CAD1-45EB-BD3B-2A80E9A78EEF} = {CCEDF6BF-18BA-41D3-8FF5-88B00521B764}
		{A509108A-319D-4B3B-9147-B0DE93C2D942} = {23CBA058-2DC7-4671-88AB-ECAC7E6F4559}
	EndGlobalSection
EndGlobal
